
Microsoft Visual Studio Solution File, Format Version 12.00
# Visual Studio 15
VisualStudioVersion = 15.0.28307.168
MinimumVisualStudioVersion = 10.0.40219.1
Project("{FAE04EC0-301F-11D3-BF4B-00C04F79EFBC}") = "CustomInteractivityExample", "CustomInteractivityExample\CustomInteractivityExample.csproj", "{4A440A69-C619-47F1-9BA2-1D48BEE9D279}"
EndProject
Global
	GlobalSection(SolutionConfigurationPlatforms) = preSolution
		Debug|Any CPU = Debug|Any CPU
		Release|Any CPU = Release|Any CPU
	EndGlobalSection
	GlobalSection(ProjectConfigurationPlatforms) = postSolution
		{4A440A69-C619-47F1-9BA2-1D48BEE9D279}.Debug|Any CPU.ActiveCfg = Debug|Any CPU
		{4A440A69-C619-47F1-9BA2-1D48BEE9D279}.Debug|Any CPU.Build.0 = Debug|Any CPU
		{4A440A69-C619-47F1-9BA2-1D48BEE9D279}.Release|Any CPU.ActiveCfg = Release|Any CPU
		{4A440A69-C619-47F1-9BA2-1D48BEE9D279}.Release|Any CPU.Build.0 = Release|Any CPU
	EndGlobalSection
	GlobalSection(SolutionProperties) = preSolution
		HideSolutionNode = FALSE
	EndGlobalSection
	GlobalSection(ExtensibilityGlobals) = postSolution
		SolutionGuid = {0AA15B68-3703-4C57-A12E-E587DFE6C9AB}
	EndGlobalSection
EndGlobal
